<?xml version="1.0"?>
<CONFIG>
  <ProjectOptions>
    <Version Value="9"/>
    <General>
      <Flags>
        <MainUnitHasCreateFormStatements Value="False"/>
        <MainUnitHasTitleStatement Value="False"/>
      </Flags>
      <MainUnit Value="0"/>
      <ResourceType Value="res"/>
      <UseXPManifest Value="True"/>
      <Icon Value="0"/>
      <ActiveWindowIndexAtStart Value="0"/>
    </General>
    <i18n>
      <EnableI18N LFM="False"/>
    </i18n>
    <VersionInfo>
      <StringTable ProductVersion=""/>
    </VersionInfo>
    <BuildModes Count="1" Active="Default">
      <Item1 Name="Default" Default="True"/>
    </BuildModes>
    <PublishOptions>
      <Version Value="2"/>
      <IncludeFileFilter Value="*.(pas|pp|inc|lfm|lpr|lrs|lpi|lpk|sh|xml)"/>
      <ExcludeFileFilter Value="*.(bak|ppu|o|so);*~;backup"/>
    </PublishOptions>
    <RunParams>
      <local>
        <FormatVersion Value="1"/>
        <LaunchingApplication PathPlusParams="/usr/bin/xterm -T 'Lazarus Run Output' -e $(LazarusDir)/tools/runwait.sh $(TargetCmdLine)"/>
      </local>
    </RunParams>
    <Units Count="6">
      <Unit0>
        <Filename Value="refobjtest.lpr"/>
        <IsPartOfProject Value="True"/>
        <UnitName Value="refobjtest"/>
        <EditorIndex Value="0"/>
        <WindowIndex Value="0"/>
        <TopLine Value="16"/>
        <CursorPos X="1" Y="45"/>
        <UsageCount Value="33"/>
        <Loaded Value="True"/>
      </Unit0>
      <Unit1>
        <Filename Value="libunits/lfp_refobj_low.pas"/>
        <IsPartOfProject Value="True"/>
        <UnitName Value="lfp_refobj_low"/>
        <WindowIndex Value="0"/>
        <TopLine Value="1"/>
        <CursorPos X="20" Y="17"/>
        <UsageCount Value="33"/>
      </Unit1>
      <Unit2>
        <Filename Value="libunits/lfp_refobj.pas"/>
        <IsPartOfProject Value="True"/>
        <UnitName Value="lfp_refobj"/>
        <IsVisibleTab Value="True"/>
        <EditorIndex Value="1"/>
        <WindowIndex Value="0"/>
        <TopLine Value="133"/>
        <CursorPos X="15" Y="159"/>
        <UsageCount Value="33"/>
        <Loaded Value="True"/>
      </Unit2>
      <Unit3>
        <Filename Value="/usr/share/fpcsrc/2.4.4/rtl/objpas/sysutils/sysutilh.inc"/>
        <WindowIndex Value="0"/>
        <TopLine Value="260"/>
        <CursorPos X="23" Y="278"/>
        <UsageCount Value="15"/>
      </Unit3>
      <Unit4>
        <Filename Value="/usr/share/fpcsrc/2.4.4/rtl/objpas/sysutils/sysutils.inc"/>
        <WindowIndex Value="0"/>
        <TopLine Value="126"/>
        <CursorPos X="27" Y="131"/>
        <UsageCount Value="9"/>
      </Unit4>
      <Unit5>
        <Filename Value="/usr/share/fpcsrc/2.4.4/rtl/inc/systemh.inc"/>
        <EditorIndex Value="2"/>
        <WindowIndex Value="0"/>
        <TopLine Value="1"/>
        <CursorPos X="3" Y="465"/>
        <UsageCount Value="10"/>
        <Loaded Value="True"/>
      </Unit5>
    </Units>
    <JumpHistory Count="30" HistoryIndex="29">
      <Position1>
        <Filename Value="libunits/lfp_refobj.pas"/>
        <Caret Line="125" Column="22" TopLine="96"/>
      </Position1>
      <Position2>
        <Filename Value="libunits/lfp_refobj.pas"/>
        <Caret Line="134" Column="20" TopLine="105"/>
      </Position2>
      <Position3>
        <Filename Value="libunits/lfp_refobj.pas"/>
        <Caret Line="140" Column="20" TopLine="111"/>
      </Position3>
      <Position4>
        <Filename Value="libunits/lfp_refobj.pas"/>
        <Caret Line="152" Column="20" TopLine="123"/>
      </Position4>
      <Position5>
        <Filename Value="libunits/lfp_refobj.pas"/>
        <Caret Line="131" Column="21" TopLine="128"/>
      </Position5>
      <Position6>
        <Filename Value="libunits/lfp_refobj.pas"/>
        <Caret Line="167" Column="11" TopLine="149"/>
      </Position6>
      <Position7>
        <Filename Value="libunits/lfp_refobj.pas"/>
        <Caret Line="42" Column="19" TopLine="34"/>
      </Position7>
      <Position8>
        <Filename Value="libunits/lfp_refobj.pas"/>
        <Caret Line="231" Column="23" TopLine="215"/>
      </Position8>
      <Position9>
        <Filename Value="libunits/lfp_refobj.pas"/>
        <Caret Line="41" Column="9" TopLine="33"/>
      </Position9>
      <Position10>
        <Filename Value="libunits/lfp_refobj.pas"/>
        <Caret Line="56" Column="32" TopLine="38"/>
      </Position10>
      <Position11>
        <Filename Value="refobjtest.lpr"/>
        <Caret Line="45" Column="17" TopLine="16"/>
      </Position11>
      <Position12>
        <Filename Value="libunits/lfp_refobj.pas"/>
        <Caret Line="50" Column="59" TopLine="45"/>
      </Position12>
      <Position13>
        <Filename Value="libunits/lfp_refobj.pas"/>
        <Caret Line="223" Column="1" TopLine="203"/>
      </Position13>
      <Position14>
        <Filename Value="libunits/lfp_refobj.pas"/>
        <Caret Line="224" Column="1" TopLine="203"/>
      </Position14>
      <Position15>
        <Filename Value="libunits/lfp_refobj.pas"/>
        <Caret Line="170" Column="1" TopLine="152"/>
      </Position15>
      <Position16>
        <Filename Value="refobjtest.lpr"/>
        <Caret Line="45" Column="1" TopLine="16"/>
      </Position16>
      <Position17>
        <Filename Value="libunits/lfp_refobj.pas"/>
        <Caret Line="223" Column="1" TopLine="205"/>
      </Position17>
      <Position18>
        <Filename Value="libunits/lfp_refobj.pas"/>
        <Caret Line="224" Column="1" TopLine="205"/>
      </Position18>
      <Position19>
        <Filename Value="libunits/lfp_refobj.pas"/>
        <Caret Line="170" Column="1" TopLine="152"/>
      </Position19>
      <Position20>
        <Filename Value="libunits/lfp_refobj.pas"/>
        <Caret Line="171" Column="1" TopLine="152"/>
      </Position20>
      <Position21>
        <Filename Value="libunits/lfp_refobj.pas"/>
        <Caret Line="247" Column="25" TopLine="225"/>
      </Position21>
      <Position22>
        <Filename Value="libunits/lfp_refobj.pas"/>
        <Caret Line="223" Column="1" TopLine="205"/>
      </Position22>
      <Position23>
        <Filename Value="refobjtest.lpr"/>
        <Caret Line="45" Column="1" TopLine="16"/>
      </Position23>
      <Position24>
        <Filename Value="libunits/lfp_refobj.pas"/>
        <Caret Line="223" Column="1" TopLine="205"/>
      </Position24>
      <Position25>
        <Filename Value="libunits/lfp_refobj.pas"/>
        <Caret Line="247" Column="1" TopLine="225"/>
      </Position25>
      <Position26>
        <Filename Value="libunits/lfp_refobj.pas"/>
        <Caret Line="175" Column="1" TopLine="157"/>
      </Position26>
      <Position27>
        <Filename Value="libunits/lfp_refobj.pas"/>
        <Caret Line="66" Column="29" TopLine="52"/>
      </Position27>
      <Position28>
        <Filename Value="libunits/lfp_refobj.pas"/>
        <Caret Line="262" Column="21" TopLine="238"/>
      </Position28>
      <Position29>
        <Filename Value="libunits/lfp_refobj.pas"/>
        <Caret Line="140" Column="19" TopLine="122"/>
      </Position29>
      <Position30>
        <Filename Value="libunits/lfp_refobj.pas"/>
        <Caret Line="164" Column="19" TopLine="133"/>
      </Position30>
    </JumpHistory>
  </ProjectOptions>
  <CompilerOptions>
    <Version Value="9"/>
    <Target>
      <Filename Value="refobjtest"/>
    </Target>
    <SearchPaths>
      <IncludeFiles Value="$(ProjOutDir)"/>
      <OtherUnitFiles Value="libunits"/>
      <UnitOutputDirectory Value="lib/$(TargetCPU)-$(TargetOS)"/>
    </SearchPaths>
    <Linking>
      <Debugging>
        <UseHeaptrc Value="True"/>
      </Debugging>
    </Linking>
    <Other>
      <CompilerMessages>
        <UseMsgFile Value="True"/>
      </CompilerMessages>
      <CompilerPath Value="$(CompPath)"/>
    </Other>
  </CompilerOptions>
  <Debugging>
    <BreakPoints Count="4">
      <Item1>
        <Source Value="refobjtest.lpr"/>
        <Line Value="45"/>
      </Item1>
      <Item2>
        <Source Value="libunits/lfp_refobj.pas"/>
        <Line Value="174"/>
      </Item2>
      <Item3>
        <Source Value="libunits/lfp_refobj.pas"/>
        <Line Value="238"/>
      </Item3>
      <Item4>
        <Source Value="libunits/lfp_refobj.pas"/>
        <Line Value="272"/>
      </Item4>
    </BreakPoints>
    <Watches Count="1">
      <Item1>
        <Expression Value="c.refstruct^.p"/>
        <DisplayStyle Value="wdfPointer"/>
      </Item1>
    </Watches>
    <Exceptions Count="3">
      <Item1>
        <Name Value="EAbort"/>
      </Item1>
      <Item2>
        <Name Value="ECodetoolError"/>
      </Item2>
      <Item3>
        <Name Value="EFOpenError"/>
      </Item3>
    </Exceptions>
  </Debugging>
</CONFIG>
